// !$*UTF8*$!
{
	archiveVersion = 1;
	classes = {
	};
	objectVersion = 55;
	objects = {

/* Begin PBXBuildFile section */
		0D4B18B197AAD40C4FB7EF94 /* Pods_Pexels.framework in Frameworks */ = {isa = PBXBuildFile; fileRef = 4DCED41E4EB98582A4E8731E /* Pods_Pexels.framework */; };
		3785CB51276AD9D800F810EE /* AppDelegate.swift in Sources */ = {isa = PBXBuildFile; fileRef = 3785CB50276AD9D800F810EE /* AppDelegate.swift */; };
		3785CB53276AD9D800F810EE /* SceneDelegate.swift in Sources */ = {isa = PBXBuildFile; fileRef = 3785CB52276AD9D800F810EE /* SceneDelegate.swift */; };
		3785CB55276AD9D800F810EE /* ViewController.swift in Sources */ = {isa = PBXBuildFile; fileRef = 3785CB54276AD9D800F810EE /* ViewController.swift */; };
		3785CB58276AD9D800F810EE /* Main.storyboard in Resources */ = {isa = PBXBuildFile; fileRef = 3785CB56276AD9D800F810EE /* Main.storyboard */; };
		3785CB5A276AD9DA00F810EE /* Assets.xcassets in Resources */ = {isa = PBXBuildFile; fileRef = 3785CB59276AD9DA00F810EE /* Assets.xcassets */; };
		3785CB5D276AD9DA00F810EE /* LaunchScreen.storyboard in Resources */ = {isa = PBXBuildFile; fileRef = 3785CB5B276AD9DA00F810EE /* LaunchScreen.storyboard */; };
		3785CB68276AD9DA00F810EE /* PexelsTests.swift in Sources */ = {isa = PBXBuildFile; fileRef = 3785CB67276AD9DA00F810EE /* PexelsTests.swift */; };
		3785CB72276AD9DB00F810EE /* PexelsUITests.swift in Sources */ = {isa = PBXBuildFile; fileRef = 3785CB71276AD9DB00F810EE /* PexelsUITests.swift */; };
		3785CB74276AD9DB00F810EE /* PexelsUITestsLaunchTests.swift in Sources */ = {isa = PBXBuildFile; fileRef = 3785CB73276AD9DB00F810EE /* PexelsUITestsLaunchTests.swift */; };
		3785CB86276AED5200F810EE /* SearchViewController.swift in Sources */ = {isa = PBXBuildFile; fileRef = 3785CB85276AED5200F810EE /* SearchViewController.swift */; };
		3785CB8A276B7E3B00F810EE /* ApiModel.swift in Sources */ = {isa = PBXBuildFile; fileRef = 3785CB89276B7E3B00F810EE /* ApiModel.swift */; };
		378E6A1E276F20B9002FF27B /* ViewModel.swift in Sources */ = {isa = PBXBuildFile; fileRef = 378E6A1D276F20B9002FF27B /* ViewModel.swift */; };
		832978BE17EE4E673455CBA2 /* Pods_Pexels_PexelsUITests.framework in Frameworks */ = {isa = PBXBuildFile; fileRef = 32D042DCB2169D79F9526B07 /* Pods_Pexels_PexelsUITests.framework */; };
		B5C69DF294DE0FA0AD9E6F17 /* Pods_PexelsTests.framework in Frameworks */ = {isa = PBXBuildFile; fileRef = 62E4DAA0658262AFEA921F93 /* Pods_PexelsTests.framework */; };
/* End PBXBuildFile section */

/* Begin PBXContainerItemProxy section */
		3785CB64276AD9DA00F810EE /* PBXContainerItemProxy */ = {
			isa = PBXContainerItemProxy;
			containerPortal = 3785CB45276AD9D800F810EE /* Project object */;
			proxyType = 1;
			remoteGlobalIDString = 3785CB4C276AD9D800F810EE;
			remoteInfo = Pexels;
		};
		3785CB6E276AD9DB00F810EE /* PBXContainerItemProxy */ = {
			isa = PBXContainerItemProxy;
			containerPortal = 3785CB45276AD9D800F810EE /* Project object */;
			proxyType = 1;
			remoteGlobalIDString = 3785CB4C276AD9D800F810EE;
			remoteInfo = Pexels;
		};
/* End PBXContainerItemProxy section */

/* Begin PBXFileReference section */
		02E25E7251B0410EFF6FBCAC /* Pods-Pexels.release.xcconfig */ = {isa = PBXFileReference; includeInIndex = 1; lastKnownFileType = text.xcconfig; name = "Pods-Pexels.release.xcconfig"; path = "Target Support Files/Pods-Pexels/Pods-Pexels.release.xcconfig"; sourceTree = "<group>"; };
		0334D02AC1B4F2ED64956650 /* Pods-Pexels-PexelsUITests.debug.xcconfig */ = {isa = PBXFileReference; includeInIndex = 1; lastKnownFileType = text.xcconfig; name = "Pods-Pexels-PexelsUITests.debug.xcconfig"; path = "Target Support Files/Pods-Pexels-PexelsUITests/Pods-Pexels-PexelsUITests.debug.xcconfig"; sourceTree = "<group>"; };
		32D042DCB2169D79F9526B07 /* Pods_Pexels_PexelsUITests.framework */ = {isa = PBXFileReference; explicitFileType = wrapper.framework; includeInIndex = 0; path = Pods_Pexels_PexelsUITests.framework; sourceTree = BUILT_PRODUCTS_DIR; };
		3785CB4D276AD9D800F810EE /* Pexels.app */ = {isa = PBXFileReference; explicitFileType = wrapper.application; includeInIndex = 0; path = Pexels.app; sourceTree = BUILT_PRODUCTS_DIR; };
		3785CB50276AD9D800F810EE /* AppDelegate.swift */ = {isa = PBXFileReference; lastKnownFileType = sourcecode.swift; path = AppDelegate.swift; sourceTree = "<group>"; };
		3785CB52276AD9D800F810EE /* SceneDelegate.swift */ = {isa = PBXFileReference; lastKnownFileType = sourcecode.swift; path = SceneDelegate.swift; sourceTree = "<group>"; };
		3785CB54276AD9D800F810EE /* ViewController.swift */ = {isa = PBXFileReference; lastKnownFileType = sourcecode.swift; path = ViewController.swift; sourceTree = "<group>"; };
		3785CB57276AD9D800F810EE /* Base */ = {isa = PBXFileReference; lastKnownFileType = file.storyboard; name = Base; path = Base.lproj/Main.storyboard; sourceTree = "<group>"; };
		3785CB59276AD9DA00F810EE /* Assets.xcassets */ = {isa = PBXFileReference; lastKnownFileType = folder.assetcatalog; path = Assets.xcassets; sourceTree = "<group>"; };
		3785CB5C276AD9DA00F810EE /* Base */ = {isa = PBXFileReference; lastKnownFileType = file.storyboard; name = Base; path = Base.lproj/LaunchScreen.storyboard; sourceTree = "<group>"; };
		3785CB5E276AD9DA00F810EE /* Info.plist */ = {isa = PBXFileReference; lastKnownFileType = text.plist.xml; path = Info.plist; sourceTree = "<group>"; };
		3785CB63276AD9DA00F810EE /* PexelsTests.xctest */ = {isa = PBXFileReference; explicitFileType = wrapper.cfbundle; includeInIndex = 0; path = PexelsTests.xctest; sourceTree = BUILT_PRODUCTS_DIR; };
		3785CB67276AD9DA00F810EE /* PexelsTests.swift */ = {isa = PBXFileReference; lastKnownFileType = sourcecode.swift; path = PexelsTests.swift; sourceTree = "<group>"; };
		3785CB6D276AD9DB00F810EE /* PexelsUITests.xctest */ = {isa = PBXFileReference; explicitFileType = wrapper.cfbundle; includeInIndex = 0; path = PexelsUITests.xctest; sourceTree = BUILT_PRODUCTS_DIR; };
		3785CB71276AD9DB00F810EE /* PexelsUITests.swift */ = {isa = PBXFileReference; lastKnownFileType = sourcecode.swift; path = PexelsUITests.swift; sourceTree = "<group>"; };
		3785CB73276AD9DB00F810EE /* PexelsUITestsLaunchTests.swift */ = {isa = PBXFileReference; lastKnownFileType = sourcecode.swift; path = PexelsUITestsLaunchTests.swift; sourceTree = "<group>"; };
		3785CB85276AED5200F810EE /* SearchViewController.swift */ = {isa = PBXFileReference; lastKnownFileType = sourcecode.swift; path = SearchViewController.swift; sourceTree = "<group>"; };
		3785CB89276B7E3B00F810EE /* ApiModel.swift */ = {isa = PBXFileReference; lastKnownFileType = sourcecode.swift; path = ApiModel.swift; sourceTree = "<group>"; };
		378E6A1D276F20B9002FF27B /* ViewModel.swift */ = {isa = PBXFileReference; lastKnownFileType = sourcecode.swift; path = ViewModel.swift; sourceTree = "<group>"; };
		4DCED41E4EB98582A4E8731E /* Pods_Pexels.framework */ = {isa = PBXFileReference; explicitFileType = wrapper.framework; includeInIndex = 0; path = Pods_Pexels.framework; sourceTree = BUILT_PRODUCTS_DIR; };
		62E4DAA0658262AFEA921F93 /* Pods_PexelsTests.framework */ = {isa = PBXFileReference; explicitFileType = wrapper.framework; includeInIndex = 0; path = Pods_PexelsTests.framework; sourceTree = BUILT_PRODUCTS_DIR; };
		828CAF9C27AFF07F49CB8E1E /* Pods-Pexels.debug.xcconfig */ = {isa = PBXFileReference; includeInIndex = 1; lastKnownFileType = text.xcconfig; name = "Pods-Pexels.debug.xcconfig"; path = "Target Support Files/Pods-Pexels/Pods-Pexels.debug.xcconfig"; sourceTree = "<group>"; };
		AB6FE3ADDB08672E5EBDC696 /* Pods-PexelsTests.release.xcconfig */ = {isa = PBXFileReference; includeInIndex = 1; lastKnownFileType = text.xcconfig; name = "Pods-PexelsTests.release.xcconfig"; path = "Target Support Files/Pods-PexelsTests/Pods-PexelsTests.release.xcconfig"; sourceTree = "<group>"; };
		DA31F3E1BF0F3084AFD41F60 /* Pods-PexelsTests.debug.xcconfig */ = {isa = PBXFileReference; includeInIndex = 1; lastKnownFileType = text.xcconfig; name = "Pods-PexelsTests.debug.xcconfig"; path = "Target Support Files/Pods-PexelsTests/Pods-PexelsTests.debug.xcconfig"; sourceTree = "<group>"; };
		FCEEA68AC78FD040733B2AEA /* Pods-Pexels-PexelsUITests.release.xcconfig */ = {isa = PBXFileReference; includeInIndex = 1; lastKnownFileType = text.xcconfig; name = "Pods-Pexels-PexelsUITests.release.xcconfig"; path = "Target Support Files/Pods-Pexels-PexelsUITests/Pods-Pexels-PexelsUITests.release.xcconfig"; sourceTree = "<group>"; };
/* End PBXFileReference section */

/* Begin PBXFrameworksBuildPhase section */
		3785CB4A276AD9D800F810EE /* Frameworks */ = {
			isa = PBXFrameworksBuildPhase;
			buildActionMask = 2147483647;
			files = (
				0D4B18B197AAD40C4FB7EF94 /* Pods_Pexels.framework in Frameworks */,
			);
			runOnlyForDeploymentPostprocessing = 0;
		};
		3785CB60276AD9DA00F810EE /* Frameworks */ = {
			isa = PBXFrameworksBuildPhase;
			buildActionMask = 2147483647;
			files = (
				B5C69DF294DE0FA0AD9E6F17 /* Pods_PexelsTests.framework in Frameworks */,
			);
			runOnlyForDeploymentPostprocessing = 0;
		};
		3785CB6A276AD9DB00F810EE /* Frameworks */ = {
			isa = PBXFrameworksBuildPhase;
			buildActionMask = 2147483647;
			files = (
				832978BE17EE4E673455CBA2 /* Pods_Pexels_PexelsUITests.framework in Frameworks */,
			);
			runOnlyForDeploymentPostprocessing = 0;
		};
/* End PBXFrameworksBuildPhase section */

/* Begin PBXGroup section */
		2913F66F566532D9072A3955 /* Pods */ = {
			isa = PBXGroup;
			children = (
				828CAF9C27AFF07F49CB8E1E /* Pods-Pexels.debug.xcconfig */,
				02E25E7251B0410EFF6FBCAC /* Pods-Pexels.release.xcconfig */,
				0334D02AC1B4F2ED64956650 /* Pods-Pexels-PexelsUITests.debug.xcconfig */,
				FCEEA68AC78FD040733B2AEA /* Pods-Pexels-PexelsUITests.release.xcconfig */,
				DA31F3E1BF0F3084AFD41F60 /* Pods-PexelsTests.debug.xcconfig */,
				AB6FE3ADDB08672E5EBDC696 /* Pods-PexelsTests.release.xcconfig */,
			);
			path = Pods;
			sourceTree = "<group>";
		};
		3785CB44276AD9D800F810EE = {
			isa = PBXGroup;
			children = (
				3785CB4F276AD9D800F810EE /* Pexels */,
				3785CB66276AD9DA00F810EE /* PexelsTests */,
				3785CB70276AD9DB00F810EE /* PexelsUITests */,
				3785CB4E276AD9D800F810EE /* Products */,
				2913F66F566532D9072A3955 /* Pods */,
				465A284B0D20CA5D0D992874 /* Frameworks */,
			);
			sourceTree = "<group>";
		};
		3785CB4E276AD9D800F810EE /* Products */ = {
			isa = PBXGroup;
			children = (
				3785CB4D276AD9D800F810EE /* Pexels.app */,
				3785CB63276AD9DA00F810EE /* PexelsTests.xctest */,
				3785CB6D276AD9DB00F810EE /* PexelsUITests.xctest */,
			);
			name = Products;
			sourceTree = "<group>";
		};
		3785CB4F276AD9D800F810EE /* Pexels */ = {
			isa = PBXGroup;
			children = (
				3785CB80276ADD2700F810EE /* Model */,
				3785CB81276ADD3300F810EE /* View */,
				3785CB82276ADD5000F810EE /* ViewModel */,
				3785CB50276AD9D800F810EE /* AppDelegate.swift */,
				3785CB52276AD9D800F810EE /* SceneDelegate.swift */,
				3785CB59276AD9DA00F810EE /* Assets.xcassets */,
				3785CB5B276AD9DA00F810EE /* LaunchScreen.storyboard */,
				3785CB5E276AD9DA00F810EE /* Info.plist */,
			);
			path = Pexels;
			sourceTree = "<group>";
		};
		3785CB66276AD9DA00F810EE /* PexelsTests */ = {
			isa = PBXGroup;
			children = (
				3785CB67276AD9DA00F810EE /* PexelsTests.swift */,
			);
			path = PexelsTests;
			sourceTree = "<group>";
		};
		3785CB70276AD9DB00F810EE /* PexelsUITests */ = {
			isa = PBXGroup;
			children = (
				3785CB71276AD9DB00F810EE /* PexelsUITests.swift */,
				3785CB73276AD9DB00F810EE /* PexelsUITestsLaunchTests.swift */,
			);
			path = PexelsUITests;
			sourceTree = "<group>";
		};
		3785CB80276ADD2700F810EE /* Model */ = {
			isa = PBXGroup;
			children = (
				3785CB89276B7E3B00F810EE /* ApiModel.swift */,
			);
			path = Model;
			sourceTree = "<group>";
		};
		3785CB81276ADD3300F810EE /* View */ = {
			isa = PBXGroup;
			children = (
				3785CB56276AD9D800F810EE /* Main.storyboard */,
				3785CB85276AED5200F810EE /* SearchViewController.swift */,
				3785CB54276AD9D800F810EE /* ViewController.swift */,
			);
			path = View;
			sourceTree = "<group>";
		};
		3785CB82276ADD5000F810EE /* ViewModel */ = {
			isa = PBXGroup;
			children = (
				378E6A1D276F20B9002FF27B /* ViewModel.swift */,
			);
			path = ViewModel;
			sourceTree = "<group>";
		};
		465A284B0D20CA5D0D992874 /* Frameworks */ = {
			isa = PBXGroup;
			children = (
				4DCED41E4EB98582A4E8731E /* Pods_Pexels.framework */,
				32D042DCB2169D79F9526B07 /* Pods_Pexels_PexelsUITests.framework */,
				62E4DAA0658262AFEA921F93 /* Pods_PexelsTests.framework */,
			);
			name = Frameworks;
			sourceTree = "<group>";
		};
/* End PBXGroup section */

/* Begin PBXNativeTarget section */
		3785CB4C276AD9D800F810EE /* Pexels */ = {
			isa = PBXNativeTarget;
			buildConfigurationList = 3785CB77276AD9DB00F810EE /* Build configuration list for PBXNativeTarget "Pexels" */;
			buildPhases = (
				10845694B69C9448A3ACF859 /* [CP] Check Pods Manifest.lock */,
				3785CB49276AD9D800F810EE /* Sources */,
				3785CB4A276AD9D800F810EE /* Frameworks */,
				3785CB4B276AD9D800F810EE /* Resources */,
				3B45B591E71C7FD39E750C3A /* [CP] Embed Pods Frameworks */,
			);
			buildRules = (
			);
			dependencies = (
			);
			name = Pexels;
			productName = Pexels;
			productReference = 3785CB4D276AD9D800F810EE /* Pexels.app */;
			productType = "com.apple.product-type.application";
		};
		3785CB62276AD9DA00F810EE /* PexelsTests */ = {
			isa = PBXNativeTarget;
			buildConfigurationList = 3785CB7A276AD9DB00F810EE /* Build configuration list for PBXNativeTarget "PexelsTests" */;
			buildPhases = (
				25BD3A726E805ABEB0FC7F08 /* [CP] Check Pods Manifest.lock */,
				3785CB5F276AD9DA00F810EE /* Sources */,
				3785CB60276AD9DA00F810EE /* Frameworks */,
				3785CB61276AD9DA00F810EE /* Resources */,
			);
			buildRules = (
			);
			dependencies = (
				3785CB65276AD9DA00F810EE /* PBXTargetDependency */,
			);
			name = PexelsTests;
			productName = PexelsTests;
			productReference = 3785CB63276AD9DA00F810EE /* PexelsTests.xctest */;
			productType = "com.apple.product-type.bundle.unit-test";
		};
		3785CB6C276AD9DB00F810EE /* PexelsUITests */ = {
			isa = PBXNativeTarget;
			buildConfigurationList = 3785CB7D276AD9DB00F810EE /* Build configuration list for PBXNativeTarget "PexelsUITests" */;
			buildPhases = (
				5730B146839B6CFA6ADA1945 /* [CP] Check Pods Manifest.lock */,
				3785CB69276AD9DB00F810EE /* Sources */,
				3785CB6A276AD9DB00F810EE /* Frameworks */,
				3785CB6B276AD9DB00F810EE /* Resources */,
				0FC4B49F34AB9CFBA6AC3F48 /* [CP] Embed Pods Frameworks */,
			);
			buildRules = (
			);
			dependencies = (
				3785CB6F276AD9DB00F810EE /* PBXTargetDependency */,
			);
			name = PexelsUITests;
			productName = PexelsUITests;
			productReference = 3785CB6D276AD9DB00F810EE /* PexelsUITests.xctest */;
			productType = "com.apple.product-type.bundle.ui-testing";
		};
/* End PBXNativeTarget section */

/* Begin PBXProject section */
		3785CB45276AD9D800F810EE /* Project object */ = {
			isa = PBXProject;
			attributes = {
				BuildIndependentTargetsInParallel = 1;
				LastSwiftUpdateCheck = 1310;
				LastUpgradeCheck = 1310;
				TargetAttributes = {
					3785CB4C276AD9D800F810EE = {
						CreatedOnToolsVersion = 13.1;
					};
					3785CB62276AD9DA00F810EE = {
						CreatedOnToolsVersion = 13.1;
						TestTargetID = 3785CB4C276AD9D800F810EE;
					};
					3785CB6C276AD9DB00F810EE = {
						CreatedOnToolsVersion = 13.1;
						TestTargetID = 3785CB4C276AD9D800F810EE;
					};
				};
			};
			buildConfigurationList = 3785CB48276AD9D800F810EE /* Build configuration list for PBXProject "Pexels" */;
			compatibilityVersion = "Xcode 13.0";
			developmentRegion = en;
			hasScannedForEncodings = 0;
			knownRegions = (
				en,
				Base,
			);
			mainGroup = 3785CB44276AD9D800F810EE;
			productRefGroup = 3785CB4E276AD9D800F810EE /* Products */;
			projectDirPath = "";
			projectRoot = "";
			targets = (
				3785CB4C276AD9D800F810EE /* Pexels */,
				3785CB62276AD9DA00F810EE /* PexelsTests */,
				3785CB6C276AD9DB00F810EE /* PexelsUITests */,
			);
		};
/* End PBXProject section */

/* Begin PBXResourcesBuildPhase section */
		3785CB4B276AD9D800F810EE /* Resources */ = {
			isa = PBXResourcesBuildPhase;
			buildActionMask = 2147483647;
			files = (
				3785CB5D276AD9DA00F810EE /* LaunchScreen.storyboard in Resources */,
				3785CB5A276AD9DA00F810EE /* Assets.xcassets in Resources */,
				3785CB58276AD9D800F810EE /* Main.storyboard in Resources */,
			);
			runOnlyForDeploymentPostprocessing = 0;
		};
		3785CB61276AD9DA00F810EE /* Resources */ = {
			isa = PBXResourcesBuildPhase;
			buildActionMask = 2147483647;
			files = (
			);
			runOnlyForDeploymentPostprocessing = 0;
		};
		3785CB6B276AD9DB00F810EE /* Resources */ = {
			isa = PBXResourcesBuildPhase;
			buildActionMask = 2147483647;
			files = (
			);
			runOnlyForDeploymentPostprocessing = 0;
		};
/* End PBXResourcesBuildPhase section */

/* Begin PBXShellScriptBuildPhase section */
		0FC4B49F34AB9CFBA6AC3F48 /* [CP] Embed Pods Frameworks */ = {
			isa = PBXShellScriptBuildPhase;
			buildActionMask = 2147483647;
			files = (
			);
			inputFileListPaths = (
				"${PODS_ROOT}/Target Support Files/Pods-Pexels-PexelsUITests/Pods-Pexels-PexelsUITests-frameworks-${CONFIGURATION}-input-files.xcfilelist",
			);
			name = "[CP] Embed Pods Frameworks";
			outputFileListPaths = (
				"${PODS_ROOT}/Target Support Files/Pods-Pexels-PexelsUITests/Pods-Pexels-PexelsUITests-frameworks-${CONFIGURATION}-output-files.xcfilelist",
			);
			runOnlyForDeploymentPostprocessing = 0;
			shellPath = /bin/sh;
			shellScript = "\"${PODS_ROOT}/Target Support Files/Pods-Pexels-PexelsUITests/Pods-Pexels-PexelsUITests-frameworks.sh\"\n";
			showEnvVarsInLog = 0;
		};
		10845694B69C9448A3ACF859 /* [CP] Check Pods Manifest.lock */ = {
			isa = PBXShellScriptBuildPhase;
			buildActionMask = 2147483647;
			files = (
			);
			inputFileListPaths = (
			);
			inputPaths = (
				"${PODS_PODFILE_DIR_PATH}/Podfile.lock",
				"${PODS_ROOT}/Manifest.lock",
			);
			name = "[CP] Check Pods Manifest.lock";
			outputFileListPaths = (
			);
			outputPaths = (
				"$(DERIVED_FILE_DIR)/Pods-Pexels-checkManifestLockResult.txt",
			);
			runOnlyForDeploymentPostprocessing = 0;
			shellPath = /bin/sh;
			shellScript = "diff \"${PODS_PODFILE_DIR_PATH}/Podfile.lock\" \"${PODS_ROOT}/Manifest.lock\" > /dev/null\nif [ $? != 0 ] ; then\n    # print error to STDERR\n    echo \"error: The sandbox is not in sync with the Podfile.lock. Run 'pod install' or update your CocoaPods installation.\" >&2\n    exit 1\nfi\n# This output is used by Xcode 'outputs' to avoid re-running this script phase.\necho \"SUCCESS\" > \"${SCRIPT_OUTPUT_FILE_0}\"\n";
			showEnvVarsInLog = 0;
		};
		25BD3A726E805ABEB0FC7F08 /* [CP] Check Pods Manifest.lock */ = {
			isa = PBXShellScriptBuildPhase;
			buildActionMask = 2147483647;
			files = (
			);
			inputFileListPaths = (
			);
			inputPaths = (
				"${PODS_PODFILE_DIR_PATH}/Podfile.lock",
				"${PODS_ROOT}/Manifest.lock",
			);
			name = "[CP] Check Pods Manifest.lock";
			outputFileListPaths = (
			);
			outputPaths = (
				"$(DERIVED_FILE_DIR)/Pods-PexelsTests-checkManifestLockResult.txt",
			);
			runOnlyForDeploymentPostprocessing = 0;
			shellPath = /bin/sh;
			shellScript = "diff \"${PODS_PODFILE_DIR_PATH}/Podfile.lock\" \"${PODS_ROOT}/Manifest.lock\" > /dev/null\nif [ $? != 0 ] ; then\n    # print error to STDERR\n    echo \"error: The sandbox is not in sync with the Podfile.lock. Run 'pod install' or update your CocoaPods installation.\" >&2\n    exit 1\nfi\n# This output is used by Xcode 'outputs' to avoid re-running this script phase.\necho \"SUCCESS\" > \"${SCRIPT_OUTPUT_FILE_0}\"\n";
			showEnvVarsInLog = 0;
		};
		3B45B591E71C7FD39E750C3A /* [CP] Embed Pods Frameworks */ = {
			isa = PBXShellScriptBuildPhase;
			buildActionMask = 2147483647;
			files = (
			);
			inputFileListPaths = (
				"${PODS_ROOT}/Target Support Files/Pods-Pexels/Pods-Pexels-frameworks-${CONFIGURATION}-input-files.xcfilelist",
			);
			name = "[CP] Embed Pods Frameworks";
			outputFileListPaths = (
				"${PODS_ROOT}/Target Support Files/Pods-Pexels/Pods-Pexels-frameworks-${CONFIGURATION}-output-files.xcfilelist",
			);
			runOnlyForDeploymentPostprocessing = 0;
			shellPath = /bin/sh;
			shellScript = "\"${PODS_ROOT}/Target Support Files/Pods-Pexels/Pods-Pexels-frameworks.sh\"\n";
			showEnvVarsInLog = 0;
		};
		5730B146839B6CFA6ADA1945 /* [CP] Check Pods Manifest.lock */ = {
			isa = PBXShellScriptBuildPhase;
			buildActionMask = 2147483647;
			files = (
			);
			inputFileListPaths = (
			);
			inputPaths = (
				"${PODS_PODFILE_DIR_PATH}/Podfile.lock",
				"${PODS_ROOT}/Manifest.lock",
			);
			name = "[CP] Check Pods Manifest.lock";
			outputFileListPaths = (
			);
			outputPaths = (
				"$(DERIVED_FILE_DIR)/Pods-Pexels-PexelsUITests-checkManifestLockResult.txt",
			);
			runOnlyForDeploymentPostprocessing = 0;
			shellPath = /bin/sh;
			shellScript = "diff \"${PODS_PODFILE_DIR_PATH}/Podfile.lock\" \"${PODS_ROOT}/Manifest.lock\" > /dev/null\nif [ $? != 0 ] ; then\n    # print error to STDERR\n    echo \"error: The sandbox is not in sync with the Podfile.lock. Run 'pod install' or update your CocoaPods installation.\" >&2\n    exit 1\nfi\n# This output is used by Xcode 'outputs' to avoid re-running this script phase.\necho \"SUCCESS\" > \"${SCRIPT_OUTPUT_FILE_0}\"\n";
			showEnvVarsInLog = 0;
		};
/* End PBXShellScriptBuildPhase section */

/* Begin PBXSourcesBuildPhase section */
		3785CB49276AD9D800F810EE /* Sources */ = {
			isa = PBXSourcesBuildPhase;
			buildActionMask = 2147483647;
			files = (
				3785CB86276AED5200F810EE /* SearchViewController.swift in Sources */,
				3785CB55276AD9D800F810EE /* ViewController.swift in Sources */,
				3785CB51276AD9D800F810EE /* AppDelegate.swift in Sources */,
				3785CB53276AD9D800F810EE /* SceneDelegate.swift in Sources */,
				378E6A1E276F20B9002FF27B /* ViewModel.swift in Sources */,
				3785CB8A276B7E3B00F810EE /* ApiModel.swift in Sources */,
			);
			runOnlyForDeploymentPostprocessing = 0;
		};
		3785CB5F276AD9DA00F810EE /* Sources */ = {
			isa = PBXSourcesBuildPhase;
			buildActionMask = 2147483647;
			files = (
				3785CB68276AD9DA00F810EE /* PexelsTests.swift in Sources */,
			);
			runOnlyForDeploymentPostprocessing = 0;
		};
		3785CB69276AD9DB00F810EE /* Sources */ = {
			isa = PBXSourcesBuildPhase;
			buildActionMask = 2147483647;
			files = (
				3785CB72276AD9DB00F810EE /* PexelsUITests.swift in Sources */,
				3785CB74276AD9DB00F810EE /* PexelsUITestsLaunchTests.swift in Sources */,
			);
			runOnlyForDeploymentPostprocessing = 0;
		};
/* End PBXSourcesBuildPhase section */

/* Begin PBXTargetDependency section */
		3785CB65276AD9DA00F810EE /* PBXTargetDependency */ = {
			isa = PBXTargetDependency;
			target = 3785CB4C276AD9D800F810EE /* Pexels */;
			targetProxy = 3785CB64276AD9DA00F810EE /* PBXContainerItemProxy */;
		};
		3785CB6F276AD9DB00F810EE /* PBXTargetDependency */ = {
			isa = PBXTargetDependency;
			target = 3785CB4C276AD9D800F810EE /* Pexels */;
			targetProxy = 3785CB6E276AD9DB00F810EE /* PBXContainerItemProxy */;
		};
/* End PBXTargetDependency section */

/* Begin PBXVariantGroup section */
		3785CB56276AD9D800F810EE /* Main.storyboard */ = {
			isa = PBXVariantGroup;
			children = (
				3785CB57276AD9D800F810EE /* Base */,
			);
			name = Main.storyboard;
			sourceTree = "<group>";
		};
		3785CB5B276AD9DA00F810EE /* LaunchScreen.storyboard */ = {
			isa = PBXVariantGroup;
			children = (
				3785CB5C276AD9DA00F810EE /* Base */,
			);
			name = LaunchScreen.storyboard;
			sourceTree = "<group>";
		};
/* End PBXVariantGroup section */

/* Begin XCBuildConfiguration section */
		3785CB75276AD9DB00F810EE /* Debug */ = {
			isa = XCBuildConfiguration;
			buildSettings = {
				ALWAYS_SEARCH_USER_PATHS = NO;
				CLANG_ANALYZER_NONNULL = YES;
				CLANG_ANALYZER_NUMBER_OBJECT_CONVERSION = YES_AGGRESSIVE;
				CLANG_CXX_LANGUAGE_STANDARD = "gnu++17";
				CLANG_CXX_LIBRARY = "libc++";
				CLANG_ENABLE_MODULES = YES;
				CLANG_ENABLE_OBJC_ARC = YES;
				CLANG_ENABLE_OBJC_WEAK = YES;
				CLANG_WARN_BLOCK_CAPTURE_AUTORELEASING = YES;
				CLANG_WARN_BOOL_CONVERSION = YES;
				CLANG_WARN_COMMA = YES;
				CLANG_WARN_CONSTANT_CONVERSION = YES;
				CLANG_WARN_DEPRECATED_OBJC_IMPLEMENTATIONS = YES;
				CLANG_WARN_DIRECT_OBJC_ISA_USAGE = YES_ERROR;
				CLANG_WARN_DOCUMENTATION_COMMENTS = YES;
				CLANG_WARN_EMPTY_BODY = YES;
				CLANG_WARN_ENUM_CONVERSION = YES;
				CLANG_WARN_INFINITE_RECURSION = YES;
				CLANG_WARN_INT_CONVERSION = YES;
				CLANG_WARN_NON_LITERAL_NULL_CONVERSION = YES;
				CLANG_WARN_OBJC_IMPLICIT_RETAIN_SELF = YES;
				CLANG_WARN_OBJC_LITERAL_CONVERSION = YES;
				CLANG_WARN_OBJC_ROOT_CLASS = YES_ERROR;
				CLANG_WARN_QUOTED_INCLUDE_IN_FRAMEWORK_HEADER = YES;
				CLANG_WARN_RANGE_LOOP_ANALYSIS = YES;
				CLANG_WARN_STRICT_PROTOTYPES = YES;
				CLANG_WARN_SUSPICIOUS_MOVE = YES;
				CLANG_WARN_UNGUARDED_AVAILABILITY = YES_AGGRESSIVE;
				CLANG_WARN_UNREACHABLE_CODE = YES;
				CLANG_WARN__DUPLICATE_METHOD_MATCH = YES;
				COPY_PHASE_STRIP = NO;
				DEBUG_INFORMATION_FORMAT = dwarf;
				ENABLE_STRICT_OBJC_MSGSEND = YES;
				ENABLE_TESTABILITY = YES;
				GCC_C_LANGUAGE_STANDARD = gnu11;
				GCC_DYNAMIC_NO_PIC = NO;
				GCC_NO_COMMON_BLOCKS = YES;
				GCC_OPTIMIZATION_LEVEL = 0;
				GCC_PREPROCESSOR_DEFINITIONS = (
					"DEBUG=1",
					"$(inherited)",
				);
				GCC_WARN_64_TO_32_BIT_CONVERSION = YES;
				GCC_WARN_ABOUT_RETURN_TYPE = YES_ERROR;
				GCC_WARN_UNDECLARED_SELECTOR = YES;
				GCC_WARN_UNINITIALIZED_AUTOS = YES_AGGRESSIVE;
				GCC_WARN_UNUSED_FUNCTION = YES;
				GCC_WARN_UNUSED_VARIABLE = YES;
				IPHONEOS_DEPLOYMENT_TARGET = 15.0;
				MTL_ENABLE_DEBUG_INFO = INCLUDE_SOURCE;
				MTL_FAST_MATH = YES;
				ONLY_ACTIVE_ARCH = YES;
				SDKROOT = iphoneos;
				SWIFT_ACTIVE_COMPILATION_CONDITIONS = DEBUG;
				SWIFT_OPTIMIZATION_LEVEL = "-Onone";
			};
			name = Debug;
		};
		3785CB76276AD9DB00F810EE /* Release */ = {
			isa = XCBuildConfiguration;
			buildSettings = {
				ALWAYS_SEARCH_USER_PATHS = NO;
				CLANG_ANALYZER_NONNULL = YES;
				CLANG_ANALYZER_NUMBER_OBJECT_CONVERSION = YES_AGGRESSIVE;
				CLANG_CXX_LANGUAGE_STANDARD = "gnu++17";
				CLANG_CXX_LIBRARY = "libc++";
				CLANG_ENABLE_MODULES = YES;
				CLANG_ENABLE_OBJC_ARC = YES;
				CLANG_ENABLE_OBJC_WEAK = YES;
				CLANG_WARN_BLOCK_CAPTURE_AUTORELEASING = YES;
				CLANG_WARN_BOOL_CONVERSION = YES;
				CLANG_WARN_COMMA = YES;
				CLANG_WARN_CONSTANT_CONVERSION = YES;
				CLANG_WARN_DEPRECATED_OBJC_IMPLEMENTATIONS = YES;
				CLANG_WARN_DIRECT_OBJC_ISA_USAGE = YES_ERROR;
				CLANG_WARN_DOCUMENTATION_COMMENTS = YES;
				CLANG_WARN_EMPTY_BODY = YES;
				CLANG_WARN_ENUM_CONVERSION = YES;
				CLANG_WARN_INFINITE_RECURSION = YES;
				CLANG_WARN_INT_CONVERSION = YES;
				CLANG_WARN_NON_LITERAL_NULL_CONVERSION = YES;
				CLANG_WARN_OBJC_IMPLICIT_RETAIN_SELF = YES;
				CLANG_WARN_OBJC_LITERAL_CONVERSION = YES;
				CLANG_WARN_OBJC_ROOT_CLASS = YES_ERROR;
				CLANG_WARN_QUOTED_INCLUDE_IN_FRAMEWORK_HEADER = YES;
				CLANG_WARN_RANGE_LOOP_ANALYSIS = YES;
				CLANG_WARN_STRICT_PROTOTYPES = YES;
				CLANG_WARN_SUSPICIOUS_MOVE = YES;
				CLANG_WARN_UNGUARDED_AVAILABILITY = YES_AGGRESSIVE;
				CLANG_WARN_UNREACHABLE_CODE = YES;
				CLANG_WARN__DUPLICATE_METHOD_MATCH = YES;
				COPY_PHASE_STRIP = NO;
				DEBUG_INFORMATION_FORMAT = "dwarf-with-dsym";
				ENABLE_NS_ASSERTIONS = NO;
				ENABLE_STRICT_OBJC_MSGSEND = YES;
				GCC_C_LANGUAGE_STANDARD = gnu11;
				GCC_NO_COMMON_BLOCKS = YES;
				GCC_WARN_64_TO_32_BIT_CONVERSION = YES;
				GCC_WARN_ABOUT_RETURN_TYPE = YES_ERROR;
				GCC_WARN_UNDECLARED_SELECTOR = YES;
				GCC_WARN_UNINITIALIZED_AUTOS = YES_AGGRESSIVE;
				GCC_WARN_UNUSED_FUNCTION = YES;
				GCC_WARN_UNUSED_VARIABLE = YES;
				IPHONEOS_DEPLOYMENT_TARGET = 15.0;
				MTL_ENABLE_DEBUG_INFO = NO;
				MTL_FAST_MATH = YES;
				SDKROOT = iphoneos;
				SWIFT_COMPILATION_MODE = wholemodule;
				SWIFT_OPTIMIZATION_LEVEL = "-O";
				VALIDATE_PRODUCT = YES;
			};
			name = Release;
		};
		3785CB78276AD9DB00F810EE /* Debug */ = {
			isa = XCBuildConfiguration;
			baseConfigurationReference = 828CAF9C27AFF07F49CB8E1E /* Pods-Pexels.debug.xcconfig */;
			buildSettings = {
				ASSETCATALOG_COMPILER_APPICON_NAME = AppIcon;
				ASSETCATALOG_COMPILER_GLOBAL_ACCENT_COLOR_NAME = AccentColor;
				CODE_SIGN_STYLE = Automatic;
				CURRENT_PROJECT_VERSION = 1;
				DEVELOPMENT_TEAM = 9XQ2R54NZC;
				GENERATE_INFOPLIST_FILE = YES;
				INFOPLIST_FILE = Pexels/Info.plist;
				INFOPLIST_KEY_UIApplicationSupportsIndirectInputEvents = YES;
				INFOPLIST_KEY_UILaunchStoryboardName = LaunchScreen;
				INFOPLIST_KEY_UIMainStoryboardFile = Main;
				INFOPLIST_KEY_UISupportedInterfaceOrientations_iPad = "UIInterfaceOrientationPortrait UIInterfaceOrientationPortraitUpsideDown UIInterfaceOrientationLandscapeLeft UIInterfaceOrientationLandscapeRight";
				INFOPLIST_KEY_UISupportedInterfaceOrientations_iPhone = "UIInterfaceOrientationPortrait UIInterfaceOrientationLandscapeLeft UIInterfaceOrientationLandscapeRight";
				LD_RUNPATH_SEARCH_PATHS = (
					"$(inherited)",
					"@executable_path/Frameworks",
				);
				MARKETING_VERSION = 1.0;
				PRODUCT_BUNDLE_IDENTIFIER = Ios.Pexels;
				PRODUCT_NAME = "$(TARGET_NAME)";
				SWIFT_EMIT_LOC_STRINGS = YES;
				SWIFT_VERSION = 5.0;
				TARGETED_DEVICE_FAMILY = "1,2";
			};
			name = Debug;
		};
		3785CB79276AD9DB00F810EE /* Release */ = {
			isa = XCBuildConfiguration;
			baseConfigurationReference = 02E25E7251B0410EFF6FBCAC /* Pods-Pexels.release.xcconfig */;
			buildSettings = {
				ASSETCATALOG_COMPILER_APPICON_NAME = AppIcon;
				ASSETCATALOG_COMPILER_GLOBAL_ACCENT_COLOR_NAME = AccentColor;
				CODE_SIGN_STYLE = Automatic;
				CURRENT_PROJECT_VERSION = 1;
				DEVELOPMENT_TEAM = 9XQ2R54NZC;
				GENERATE_INFOPLIST_FILE = YES;
				INFOPLIST_FILE = Pexels/Info.plist;
				INFOPLIST_KEY_UIApplicationSupportsIndirectInputEvents = YES;
				INFOPLIST_KEY_UILaunchStoryboardName = LaunchScreen;
				INFOPLIST_KEY_UIMainStoryboardFile = Main;
				INFOPLIST_KEY_UISupportedInterfaceOrientations_iPad = "UIInterfaceOrientationPortrait UIInterfaceOrientationPortraitUpsideDown UIInterfaceOrientationLandscapeLeft UIInterfaceOrientationLandscapeRight";
				INFOPLIST_KEY_UISupportedInterfaceOrientations_iPhone = "UIInterfaceOrientationPortrait UIInterfaceOrientationLandscapeLeft UIInterfaceOrientationLandscapeRight";
				LD_RUNPATH_SEARCH_PATHS = (
					"$(inherited)",
					"@executable_path/Frameworks",
				);
				MARKETING_VERSION = 1.0;
				PRODUCT_BUNDLE_IDENTIFIER = Ios.Pexels;
				PRODUCT_NAME = "$(TARGET_NAME)";
				SWIFT_EMIT_LOC_STRINGS = YES;
				SWIFT_VERSION = 5.0;
				TARGETED_DEVICE_FAMILY = "1,2";
			};
			name = Release;
		};
		3785CB7B276AD9DB00F810EE /* Debug */ = {
			isa = XCBuildConfiguration;
			baseConfigurationReference = DA31F3E1BF0F3084AFD41F60 /* Pods-PexelsTests.debug.xcconfig */;
			buildSettings = {
				ALWAYS_EMBED_SWIFT_STANDARD_LIBRARIES = YES;
				BUNDLE_LOADER = "$(TEST_HOST)";
				CODE_SIGN_STYLE = Automatic;
				CURRENT_PROJECT_VERSION = 1;
				DEVELOPMENT_TEAM = 9XQ2R54NZC;
				GENERATE_INFOPLIST_FILE = YES;
				IPHONEOS_DEPLOYMENT_TARGET = 15.0;
				LD_RUNPATH_SEARCH_PATHS = (
					"$(inherited)",
					"@executable_path/Frameworks",
					"@loader_path/Frameworks",
				);
				MARKETING_VERSION = 1.0;
				PRODUCT_BUNDLE_IDENTIFIER = Ios.PexelsTests;
				PRODUCT_NAME = "$(TARGET_NAME)";
				SWIFT_EMIT_LOC_STRINGS = NO;
				SWIFT_VERSION = 5.0;
				TARGETED_DEVICE_FAMILY = "1,2";
				TEST_HOST = "$(BUILT_PRODUCTS_DIR)/Pexels.app/Pexels";
			};
			name = Debug;
		};
		3785CB7C276AD9DB00F810EE /* Release */ = {
			isa = XCBuildConfiguration;
			baseConfigurationReference = AB6FE3ADDB08672E5EBDC696 /* Pods-PexelsTests.release.xcconfig */;
			buildSettings = {
				ALWAYS_EMBED_SWIFT_STANDARD_LIBRARIES = YES;
				BUNDLE_LOADER = "$(TEST_HOST)";
				CODE_SIGN_STYLE = Automatic;
				CURRENT_PROJECT_VERSION = 1;
				DEVELOPMENT_TEAM = 9XQ2R54NZC;
				GENERATE_INFOPLIST_FILE = YES;
				IPHONEOS_DEPLOYMENT_TARGET = 15.0;
				LD_RUNPATH_SEARCH_PATHS = (
					"$(inherited)",
					"@executable_path/Frameworks",
					"@loader_path/Frameworks",
				);
				MARKETING_VERSION = 1.0;
				PRODUCT_BUNDLE_IDENTIFIER = Ios.PexelsTests;
				PRODUCT_NAME = "$(TARGET_NAME)";
				SWIFT_EMIT_LOC_STRINGS = NO;
				SWIFT_VERSION = 5.0;
				TARGETED_DEVICE_FAMILY = "1,2";
				TEST_HOST = "$(BUILT_PRODUCTS_DIR)/Pexels.app/Pexels";
			};
			name = Release;
		};
		3785CB7E276AD9DB00F810EE /* Debug */ = {
			isa = XCBuildConfiguration;
			baseConfigurationReference = 0334D02AC1B4F2ED64956650 /* Pods-Pexels-PexelsUITests.debug.xcconfig */;
			buildSettings = {
				ALWAYS_EMBED_SWIFT_STANDARD_LIBRARIES = YES;
				CODE_SIGN_STYLE = Automatic;
				CURRENT_PROJECT_VERSION = 1;
				DEVELOPMENT_TEAM = 9XQ2R54NZC;
				GENERATE_INFOPLIST_FILE = YES;
				LD_RUNPATH_SEARCH_PATHS = (
					"$(inherited)",
					"@executable_path/Frameworks",
					"@loader_path/Frameworks",
				);
				MARKETING_VERSION = 1.0;
				PRODUCT_BUNDLE_IDENTIFIER = Ios.PexelsUITests;
				PRODUCT_NAME = "$(TARGET_NAME)";
				SWIFT_EMIT_LOC_STRINGS = NO;
				SWIFT_VERSION = 5.0;
				TARGETED_DEVICE_FAMILY = "1,2";
				TEST_TARGET_NAME = Pexels;
			};
			name = Debug;
		};
		3785CB7F276AD9DB00F810EE /* Release */ = {
			isa = XCBuildConfiguration;
			baseConfigurationReference = FCEEA68AC78FD040733B2AEA /* Pods-Pexels-PexelsUITests.release.xcconfig */;
			buildSettings = {
				ALWAYS_EMBED_SWIFT_STANDARD_LIBRARIES = YES;
				CODE_SIGN_STYLE = Automatic;
				CURRENT_PROJECT_VERSION = 1;
				DEVELOPMENT_TEAM = 9XQ2R54NZC;
				GENERATE_INFOPLIST_FILE = YES;
				LD_RUNPATH_SEARCH_PATHS = (
					"$(inherited)",
					"@executable_path/Frameworks",
					"@loader_path/Frameworks",
				);
				MARKETING_VERSION = 1.0;
				PRODUCT_BUNDLE_IDENTIFIER = Ios.PexelsUITests;
				PRODUCT_NAME = "$(TARGET_NAME)";
				SWIFT_EMIT_LOC_STRINGS = NO;
				SWIFT_VERSION = 5.0;
				TARGETED_DEVICE_FAMILY = "1,2";
				TEST_TARGET_NAME = Pexels;
			};
			name = Release;
		};
/* End XCBuildConfiguration section */

/* Begin XCConfigurationList section */
		3785CB48276AD9D800F810EE /* Build configuration list for PBXProject "Pexels" */ = {
			isa = XCConfigurationList;
			buildConfigurations = (
				3785CB75276AD9DB00F810EE /* Debug */,
				3785CB76276AD9DB00F810EE /* Release */,
			);
			defaultConfigurationIsVisible = 0;
			defaultConfigurationName = Release;
		};
		3785CB77276AD9DB00F810EE /* Build configuration list for PBXNativeTarget "Pexels" */ = {
			isa = XCConfigurationList;
			buildConfigurations = (
				3785CB78276AD9DB00F810EE /* Debug */,
				3785CB79276AD9DB00F810EE /* Release */,
			);
			defaultConfigurationIsVisible = 0;
			defaultConfigurationName = Release;
		};
		3785CB7A276AD9DB00F810EE /* Build configuration list for PBXNativeTarget "PexelsTests" */ = {
			isa = XCConfigurationList;
			buildConfigurations = (
				3785CB7B276AD9DB00F810EE /* Debug */,
				3785CB7C276AD9DB00F810EE /* Release */,
			);
			defaultConfigurationIsVisible = 0;
			defaultConfigurationName = Release;
		};
		3785CB7D276AD9DB00F810EE /* Build configuration list for PBXNativeTarget "PexelsUITests" */ = {
			isa = XCConfigurationList;
			buildConfigurations = (
				3785CB7E276AD9DB00F810EE /* Debug */,
				3785CB7F276AD9DB00F810EE /* Release */,
			);
			defaultConfigurationIsVisible = 0;
			defaultConfigurationName = Release;
		};
/* End XCConfigurationList section */
	};
	rootObject = 3785CB45276AD9D800F810EE /* Project object */;
}
